# This file is automatically @generated by Cargo.
# It is not intended for manual editing.
version = 4

[[package]]
name = "stratum-chaos"
version = "0.1.0"

[[package]]
name = "stratum-gateway"
version = "0.1.0"

[[package]]
name = "stratum-raft"
version = "0.1.0"

[[package]]
name = "stratum-replay"
version = "0.1.0"

[[package]]
name = "stratum-router"
version = "0.1.0"

[[package]]
name = "stratum-scheduler"
version = "0.1.0"
